
Microsoft Visual Studio Solution File, Format Version 12.00
# Visual Studio Version 16
VisualStudioVersion = 16.0.30523.141
MinimumVisualStudioVersion = 10.0.40219.1
Project("{FAE04EC0-301F-11D3-BF4B-00C04F79EFBC}") = "Ejercicio1", "Ejercicio1\Ejercicio1.csproj", "{12EA16E1-91F7-4458-832F-22C197A11B10}"
EndProject
Global
	GlobalSection(SolutionConfigurationPlatforms) = preSolution
		Debug|Any CPU = Debug|Any CPU
		Release|Any CPU = Release|Any CPU
	EndGlobalSection
	GlobalSection(ProjectConfigurationPlatforms) = postSolution
		{12EA16E1-91F7-4458-832F-22C197A11B10}.Debug|Any CPU.ActiveCfg = Debug|Any CPU
		{12EA16E1-91F7-4458-832F-22C197A11B10}.Debug|Any CPU.Build.0 = Debug|Any CPU
		{12EA16E1-91F7-4458-832F-22C197A11B10}.Release|Any CPU.ActiveCfg = Release|Any CPU
		{12EA16E1-91F7-4458-832F-22C197A11B10}.Release|Any CPU.Build.0 = Release|Any CPU
	EndGlobalSection
	GlobalSection(SolutionProperties) = preSolution
		HideSolutionNode = FALSE
	EndGlobalSection
	GlobalSection(ExtensibilityGlobals) = postSolution
		SolutionGuid = {BCE7E654-C684-4CB4-8699-CB8F08CECC9C}
	EndGlobalSection
EndGlobal
